# This file is generated by running "yarn install" inside your project.
# Manual changes might be lost - proceed with caution!

__metadata:
  version: 8
  cacheKey: 10c0

"@thecodingmachine/react-native-boilerplate@workspace:.":
  version: 0.0.0-use.local
  resolution: "@thecodingmachine/react-native-boilerplate@workspace:."
  dependencies:
    kleur: "npm:^4.1.4"
    prompts: "npm:^2.4.1"
  languageName: unknown
  linkType: soft

"kleur@npm:^3.0.3":
  version: 3.0.3
  resolution: "kleur@npm:3.0.3"
  checksum: 10c0/cd3a0b8878e7d6d3799e54340efe3591ca787d9f95f109f28129bdd2915e37807bf8918bb295ab86afb8c82196beec5a1adcaf29042ce3f2bd932b038fe3aa4b
  languageName: node
  linkType: hard

"kleur@npm:^4.1.4":
  version: 4.1.5
  resolution: "kleur@npm:4.1.5"
  checksum: 10c0/e9de6cb49657b6fa70ba2d1448fd3d691a5c4370d8f7bbf1c2f64c24d461270f2117e1b0afe8cb3114f13bbd8e51de158c2a224953960331904e636a5e4c0f2a
  languageName: node
  linkType: hard

"prompts@npm:^2.4.1":
  version: 2.4.2
  resolution: "prompts@npm:2.4.2"
  dependencies:
    kleur: "npm:^3.0.3"
    sisteransi: "npm:^1.0.5"
  checksum: 10c0/16f1ac2977b19fe2cf53f8411cc98db7a3c8b115c479b2ca5c82b5527cd937aa405fa04f9a5960abeb9daef53191b53b4d13e35c1f5d50e8718c76917c5f1ea4
  languageName: node
  linkType: hard

"sisteransi@npm:^1.0.5":
  version: 1.0.5
  resolution: "sisteransi@npm:1.0.5"
  checksum: 10c0/230ac975cca485b7f6fe2b96a711aa62a6a26ead3e6fb8ba17c5a00d61b8bed0d7adc21f5626b70d7c33c62ff4e63933017a6462942c719d1980bb0b1207ad46
  languageName: node
  linkType: hard
